
Microsoft Visual Studio Solution File, Format Version 12.00
# Visual Studio Version 17
VisualStudioVersion = 17.0.31903.59
MinimumVisualStudioVersion = 10.0.40219.1
Project("{FAE04EC0-301F-11D3-BF4B-00C04F79EFBC}") = "Singleton.Example1", "Singleton.Example1\Singleton.Example1.csproj", "{12BBE874-0047-40BF-A807-5137B3124618}"
EndProject
Project("{FAE04EC0-301F-11D3-BF4B-00C04F79EFBC}") = "Singleton.Example2", "Singleton.Example2\Singleton.Example2.csproj", "{D22C5C92-7CB8-4A57-885A-1A30561087CE}"
EndProject
Project("{FAE04EC0-301F-11D3-BF4B-00C04F79EFBC}") = "Singleton.RealWorldExample", "Singleton.RealWorldExample\Singleton.RealWorldExample.csproj", "{B892FF31-0CB1-4B5F-A92F-53CA8E6B96FE}"
EndProject
Global
	GlobalSection(SolutionConfigurationPlatforms) = preSolution
		Debug|Any CPU = Debug|Any CPU
		Release|Any CPU = Release|Any CPU
	EndGlobalSection
	GlobalSection(SolutionProperties) = preSolution
		HideSolutionNode = FALSE
	EndGlobalSection
	GlobalSection(ProjectConfigurationPlatforms) = postSolution
		{12BBE874-0047-40BF-A807-5137B3124618}.Debug|Any CPU.ActiveCfg = Debug|Any CPU
		{12BBE874-0047-40BF-A807-5137B3124618}.Debug|Any CPU.Build.0 = Debug|Any CPU
		{12BBE874-0047-40BF-A807-5137B3124618}.Release|Any CPU.ActiveCfg = Release|Any CPU
		{12BBE874-0047-40BF-A807-5137B3124618}.Release|Any CPU.Build.0 = Release|Any CPU
		{D22C5C92-7CB8-4A57-885A-1A30561087CE}.Debug|Any CPU.ActiveCfg = Debug|Any CPU
		{D22C5C92-7CB8-4A57-885A-1A30561087CE}.Debug|Any CPU.Build.0 = Debug|Any CPU
		{D22C5C92-7CB8-4A57-885A-1A30561087CE}.Release|Any CPU.ActiveCfg = Release|Any CPU
		{D22C5C92-7CB8-4A57-885A-1A30561087CE}.Release|Any CPU.Build.0 = Release|Any CPU
		{B892FF31-0CB1-4B5F-A92F-53CA8E6B96FE}.Debug|Any CPU.ActiveCfg = Debug|Any CPU
		{B892FF31-0CB1-4B5F-A92F-53CA8E6B96FE}.Debug|Any CPU.Build.0 = Debug|Any CPU
		{B892FF31-0CB1-4B5F-A92F-53CA8E6B96FE}.Release|Any CPU.ActiveCfg = Release|Any CPU
		{B892FF31-0CB1-4B5F-A92F-53CA8E6B96FE}.Release|Any CPU.Build.0 = Release|Any CPU
	EndGlobalSection
EndGlobal
